// !$*UTF8*$!
{
	archiveVersion = 1;
	classes = {
	};
	objectVersion = 77;
	objects = {

/* Begin PBXBuildFile section */
		201FE98C2F68253E004E9A56 /* Kingfisher in Frameworks */ = {isa = PBXBuildFile; productRef = 201FE98B2F68253E004E9A56 /* Kingfisher */; };
		201FE9972F697CE7004E9A56 /* IQKeyboardManagerSwift in Frameworks */ = {isa = PBXBuildFile; productRef = 201FE9962F697CE7004E9A56 /* IQKeyboardManagerSwift */; };
		2046FE902F618EDF00F65741 /* FirebaseAuth in Frameworks */ = {isa = PBXBuildFile; productRef = 2046FE8F2F618EDF00F65741 /* FirebaseAuth */; };
		2046FE922F618EDF00F65741 /* FirebaseFirestore in Frameworks */ = {isa = PBXBuildFile; productRef = 2046FE912F618EDF00F65741 /* FirebaseFirestore */; };
		2046FE942F618EDF00F65741 /* FirebaseMessaging in Frameworks */ = {isa = PBXBuildFile; productRef = 2046FE932F618EDF00F65741 /* FirebaseMessaging */; };
		2046FE962F618EDF00F65741 /* FirebaseStorage in Frameworks */ = {isa = PBXBuildFile; productRef = 2046FE952F618EDF00F65741 /* FirebaseStorage */; };
		20E2E01D2F7D4B7B0065EC26 /* Alamofire in Frameworks */ = {isa = PBXBuildFile; productRef = 20E2E01C2F7D4B7B0065EC26 /* Alamofire */; };
/* End PBXBuildFile section */

/* Begin PBXContainerItemProxy section */
		20E2DDDD2F79482C0065EC26 /* PBXContainerItemProxy */ = {
			isa = PBXContainerItemProxy;
			containerPortal = 2046FE592F618C6400F65741 /* Project object */;
			proxyType = 1;
			remoteGlobalIDString = 2046FE602F618C6400F65741;
			remoteInfo = "InstagramClone-UIKit";
		};
/* End PBXContainerItemProxy section */

/* Begin PBXFileReference section */
		2046FE612F618C6400F65741 /* InstagramClone-UIKit.app */ = {isa = PBXFileReference; explicitFileType = wrapper.application; includeInIndex = 0; path = "InstagramClone-UIKit.app"; sourceTree = BUILT_PRODUCTS_DIR; };
		20E2DDD92F79482C0065EC26 /* InstagramClone-UIKitTests.xctest */ = {isa = PBXFileReference; explicitFileType = wrapper.cfbundle; includeInIndex = 0; path = "InstagramClone-UIKitTests.xctest"; sourceTree = BUILT_PRODUCTS_DIR; };
/* End PBXFileReference section */

/* Begin PBXFileSystemSynchronizedBuildFileExceptionSet section */
		2046FE762F618C6500F65741 /* Exceptions for "InstagramClone-UIKit" folder in "InstagramClone-UIKit" target */ = {
			isa = PBXFileSystemSynchronizedBuildFileExceptionSet;
			membershipExceptions = (
				Info.plist,
				"InstagramClone-UIKit.xcdatamodeld",
			);
			target = 2046FE602F618C6400F65741 /* InstagramClone-UIKit */;
		};
/* End PBXFileSystemSynchronizedBuildFileExceptionSet section */

/* Begin PBXFileSystemSynchronizedGroupBuildPhaseMembershipExceptionSet section */
		201FE99B2F698E2E004E9A56 /* Exceptions for "InstagramClone-UIKit" folder in "Copy Bundle Resources" phase from "InstagramClone-UIKit" target */ = {
			isa = PBXFileSystemSynchronizedGroupBuildPhaseMembershipExceptionSet;
			buildPhase = 2046FE5F2F618C6400F65741 /* Resources */;
			membershipExceptions = (
				"InstagramClone-UIKit.xcdatamodeld",
			);
		};
/* End PBXFileSystemSynchronizedGroupBuildPhaseMembershipExceptionSet section */

/* Begin PBXFileSystemSynchronizedRootGroup section */
		2046FE632F618C6400F65741 /* InstagramClone-UIKit */ = {
			isa = PBXFileSystemSynchronizedRootGroup;
			exceptions = (
				2046FE762F618C6500F65741 /* Exceptions for "InstagramClone-UIKit" folder in "InstagramClone-UIKit" target */,
				201FE99B2F698E2E004E9A56 /* Exceptions for "InstagramClone-UIKit" folder in "Copy Bundle Resources" phase from "InstagramClone-UIKit" target */,
			);
			path = "InstagramClone-UIKit";
			sourceTree = "<group>";
		};
		20E2DDDA2F79482C0065EC26 /* InstagramClone-UIKitTests */ = {
			isa = PBXFileSystemSynchronizedRootGroup;
			path = "InstagramClone-UIKitTests";
			sourceTree = "<group>";
		};
/* End PBXFileSystemSynchronizedRootGroup section */

/* Begin PBXFrameworksBuildPhase section */
		2046FE5E2F618C6400F65741 /* Frameworks */ = {
			isa = PBXFrameworksBuildPhase;
			buildActionMask = 2147483647;
			files = (
				2046FE942F618EDF00F65741 /* FirebaseMessaging in Frameworks */,
				20E2E01D2F7D4B7B0065EC26 /* Alamofire in Frameworks */,
				2046FE962F618EDF00F65741 /* FirebaseStorage in Frameworks */,
				2046FE902F618EDF00F65741 /* FirebaseAuth in Frameworks */,
				2046FE922F618EDF00F65741 /* FirebaseFirestore in Frameworks */,
				201FE98C2F68253E004E9A56 /* Kingfisher in Frameworks */,
				201FE9972F697CE7004E9A56 /* IQKeyboardManagerSwift in Frameworks */,
			);
			runOnlyForDeploymentPostprocessing = 0;
		};
		20E2DDD62F79482C0065EC26 /* Frameworks */ = {
			isa = PBXFrameworksBuildPhase;
			buildActionMask = 2147483647;
			files = (
			);
			runOnlyForDeploymentPostprocessing = 0;
		};
/* End PBXFrameworksBuildPhase section */

/* Begin PBXGroup section */
		2046FE582F618C6400F65741 = {
			isa = PBXGroup;
			children = (
				2046FE632F618C6400F65741 /* InstagramClone-UIKit */,
				20E2DDDA2F79482C0065EC26 /* InstagramClone-UIKitTests */,
				2046FE622F618C6400F65741 /* Products */,
			);
			sourceTree = "<group>";
		};
		2046FE622F618C6400F65741 /* Products */ = {
			isa = PBXGroup;
			children = (
				2046FE612F618C6400F65741 /* InstagramClone-UIKit.app */,
				20E2DDD92F79482C0065EC26 /* InstagramClone-UIKitTests.xctest */,
			);
			name = Products;
			sourceTree = "<group>";
		};
/* End PBXGroup section */

/* Begin PBXNativeTarget section */
		2046FE602F618C6400F65741 /* InstagramClone-UIKit */ = {
			isa = PBXNativeTarget;
			buildConfigurationList = 2046FE772F618C6500F65741 /* Build configuration list for PBXNativeTarget "InstagramClone-UIKit" */;
			buildPhases = (
				2046FE5D2F618C6400F65741 /* Sources */,
				2046FE5E2F618C6400F65741 /* Frameworks */,
				2046FE5F2F618C6400F65741 /* Resources */,
			);
			buildRules = (
			);
			dependencies = (
			);
			fileSystemSynchronizedGroups = (
				2046FE632F618C6400F65741 /* InstagramClone-UIKit */,
			);
			name = "InstagramClone-UIKit";
			packageProductDependencies = (
				2046FE8F2F618EDF00F65741 /* FirebaseAuth */,
				2046FE912F618EDF00F65741 /* FirebaseFirestore */,
				2046FE932F618EDF00F65741 /* FirebaseMessaging */,
				2046FE952F618EDF00F65741 /* FirebaseStorage */,
				201FE98B2F68253E004E9A56 /* Kingfisher */,
				201FE9962F697CE7004E9A56 /* IQKeyboardManagerSwift */,
				20E2E01C2F7D4B7B0065EC26 /* Alamofire */,
			);
			productName = "InstagramClone-UIKit";
			productReference = 2046FE612F618C6400F65741 /* InstagramClone-UIKit.app */;
			productType = "com.apple.product-type.application";
		};
		20E2DDD82F79482C0065EC26 /* InstagramClone-UIKitTests */ = {
			isa = PBXNativeTarget;
			buildConfigurationList = 20E2DDE12F79482C0065EC26 /* Build configuration list for PBXNativeTarget "InstagramClone-UIKitTests" */;
			buildPhases = (
				20E2DDD52F79482C0065EC26 /* Sources */,
				20E2DDD62F79482C0065EC26 /* Frameworks */,
				20E2DDD72F79482C0065EC26 /* Resources */,
			);
			buildRules = (
			);
			dependencies = (
				20E2DDDE2F79482C0065EC26 /* PBXTargetDependency */,
			);
			fileSystemSynchronizedGroups = (
				20E2DDDA2F79482C0065EC26 /* InstagramClone-UIKitTests */,
			);
			name = "InstagramClone-UIKitTests";
			packageProductDependencies = (
			);
			productName = "InstagramClone-UIKitTests";
			productReference = 20E2DDD92F79482C0065EC26 /* InstagramClone-UIKitTests.xctest */;
			productType = "com.apple.product-type.bundle.unit-test";
		};
/* End PBXNativeTarget section */

/* Begin PBXProject section */
		2046FE592F618C6400F65741 /* Project object */ = {
			isa = PBXProject;
			attributes = {
				BuildIndependentTargetsInParallel = 1;
				LastSwiftUpdateCheck = 2600;
				LastUpgradeCheck = 2600;
				TargetAttributes = {
					2046FE602F618C6400F65741 = {
						CreatedOnToolsVersion = 26.0.1;
					};
					20E2DDD82F79482C0065EC26 = {
						CreatedOnToolsVersion = 26.0.1;
						TestTargetID = 2046FE602F618C6400F65741;
					};
				};
			};
			buildConfigurationList = 2046FE5C2F618C6400F65741 /* Build configuration list for PBXProject "InstagramClone-UIKit" */;
			developmentRegion = en;
			hasScannedForEncodings = 0;
			knownRegions = (
				en,
				Base,
			);
			mainGroup = 2046FE582F618C6400F65741;
			minimizedProjectReferenceProxies = 1;
			packageReferences = (
				2046FE8E2F618EDF00F65741 /* XCRemoteSwiftPackageReference "firebase-ios-sdk" */,
				201FE98A2F68253E004E9A56 /* XCRemoteSwiftPackageReference "Kingfisher" */,
				201FE9952F697CE7004E9A56 /* XCRemoteSwiftPackageReference "IQKeyboardManager" */,
				20E2E01B2F7D4B7B0065EC26 /* XCRemoteSwiftPackageReference "Alamofire" */,
			);
			preferredProjectObjectVersion = 77;
			productRefGroup = 2046FE622F618C6400F65741 /* Products */;
			projectDirPath = "";
			projectRoot = "";
			targets = (
				2046FE602F618C6400F65741 /* InstagramClone-UIKit */,
				20E2DDD82F79482C0065EC26 /* InstagramClone-UIKitTests */,
			);
		};
/* End PBXProject section */

/* Begin PBXResourcesBuildPhase section */
		2046FE5F2F618C6400F65741 /* Resources */ = {
			isa = PBXResourcesBuildPhase;
			buildActionMask = 2147483647;
			files = (
			);
			runOnlyForDeploymentPostprocessing = 0;
		};
		20E2DDD72F79482C0065EC26 /* Resources */ = {
			isa = PBXResourcesBuildPhase;
			buildActionMask = 2147483647;
			files = (
			);
			runOnlyForDeploymentPostprocessing = 0;
		};
/* End PBXResourcesBuildPhase section */

/* Begin PBXSourcesBuildPhase section */
		2046FE5D2F618C6400F65741 /* Sources */ = {
			isa = PBXSourcesBuildPhase;
			buildActionMask = 2147483647;
			files = (
			);
			runOnlyForDeploymentPostprocessing = 0;
		};
		20E2DDD52F79482C0065EC26 /* Sources */ = {
			isa = PBXSourcesBuildPhase;
			buildActionMask = 2147483647;
			files = (
			);
			runOnlyForDeploymentPostprocessing = 0;
		};
/* End PBXSourcesBuildPhase section */

/* Begin PBXTargetDependency section */
		20E2DDDE2F79482C0065EC26 /* PBXTargetDependency */ = {
			isa = PBXTargetDependency;
			target = 2046FE602F618C6400F65741 /* InstagramClone-UIKit */;
			targetProxy = 20E2DDDD2F79482C0065EC26 /* PBXContainerItemProxy */;
		};
/* End PBXTargetDependency section */

/* Begin XCBuildConfiguration section */
		2046FE782F618C6500F65741 /* Debug */ = {
			isa = XCBuildConfiguration;
			buildSettings = {
				ASSETCATALOG_COMPILER_APPICON_NAME = AppIcon;
				ASSETCATALOG_COMPILER_GLOBAL_ACCENT_COLOR_NAME = AccentColor;
				CODE_SIGN_STYLE = Automatic;
				CURRENT_PROJECT_VERSION = 1;
				DEVELOPMENT_TEAM = SXTL62KTR8;
				GENERATE_INFOPLIST_FILE = YES;
				INFOPLIST_FILE = "InstagramClone-UIKit/Info.plist";
				INFOPLIST_KEY_NSMicrophoneUsageDescription = "Sesli mesaj göndermek için mikrofon erişimi gereklidir.";
				INFOPLIST_KEY_NSPhotoLibraryUsageDescription = "This app needs access to your photo library to share posts.";
				INFOPLIST_KEY_UIApplicationSupportsIndirectInputEvents = YES;
				INFOPLIST_KEY_UILaunchStoryboardName = LaunchScreen;
				INFOPLIST_KEY_UISupportedInterfaceOrientations_iPad = "UIInterfaceOrientationPortrait UIInterfaceOrientationPortraitUpsideDown UIInterfaceOrientationLandscapeLeft UIInterfaceOrientationLandscapeRight";
				INFOPLIST_KEY_UISupportedInterfaceOrientations_iPhone = "UIInterfaceOrientationPortrait UIInterfaceOrientationLandscapeLeft UIInterfaceOrientationLandscapeRight";
				LD_RUNPATH_SEARCH_PATHS = (
					"$(inherited)",
					"@executable_path/Frameworks",
				);
				MARKETING_VERSION = 1.0;
				PRODUCT_BUNDLE_IDENTIFIER = "com.nihad.InstagramClone-UIKit";
				PRODUCT_NAME = "$(TARGET_NAME)";
				STRING_CATALOG_GENERATE_SYMBOLS = YES;
				SWIFT_APPROACHABLE_CONCURRENCY = YES;
				SWIFT_DEFAULT_ACTOR_ISOLATION = MainActor;
				SWIFT_EMIT_LOC_STRINGS = YES;
				SWIFT_UPCOMING_FEATURE_MEMBER_IMPORT_VISIBILITY = YES;
				SWIFT_VERSION = 5.0;
				TARGETED_DEVICE_FAMILY = "1,2";
			};
			name = Debug;
		};
		2046FE792F618C6500F65741 /* Release */ = {
			isa = XCBuildConfiguration;
			buildSettings = {
				ASSETCATALOG_COMPILER_APPICON_NAME = AppIcon;
				ASSETCATALOG_COMPILER_GLOBAL_ACCENT_COLOR_NAME = AccentColor;
				CODE_SIGN_STYLE = Automatic;
				CURRENT_PROJECT_VERSION = 1;
				DEVELOPMENT_TEAM = SXTL62KTR8;
				GENERATE_INFOPLIST_FILE = YES;
				INFOPLIST_FILE = "InstagramClone-UIKit/Info.plist";
				INFOPLIST_KEY_NSMicrophoneUsageDescription = "Sesli mesaj göndermek için mikrofon erişimi gereklidir.";
				INFOPLIST_KEY_NSPhotoLibraryUsageDescription = "This app needs access to your photo library to share posts.";
				INFOPLIST_KEY_UIApplicationSupportsIndirectInputEvents = YES;
				INFOPLIST_KEY_UILaunchStoryboardName = LaunchScreen;
				INFOPLIST_KEY_UISupportedInterfaceOrientations_iPad = "UIInterfaceOrientationPortrait UIInterfaceOrientationPortraitUpsideDown UIInterfaceOrientationLandscapeLeft UIInterfaceOrientationLandscapeRight";
				INFOPLIST_KEY_UISupportedInterfaceOrientations_iPhone = "UIInterfaceOrientationPortrait UIInterfaceOrientationLandscapeLeft UIInterfaceOrientationLandscapeRight";
				LD_RUNPATH_SEARCH_PATHS = (
					"$(inherited)",
					"@executable_path/Frameworks",
				);
				MARKETING_VERSION = 1.0;
				PRODUCT_BUNDLE_IDENTIFIER = "com.nihad.InstagramClone-UIKit";
				PRODUCT_NAME = "$(TARGET_NAME)";
				STRING_CATALOG_GENERATE_SYMBOLS = YES;
				SWIFT_APPROACHABLE_CONCURRENCY = YES;
				SWIFT_DEFAULT_ACTOR_ISOLATION = MainActor;
				SWIFT_EMIT_LOC_STRINGS = YES;
				SWIFT_UPCOMING_FEATURE_MEMBER_IMPORT_VISIBILITY = YES;
				SWIFT_VERSION = 5.0;
				TARGETED_DEVICE_FAMILY = "1,2";
			};
			name = Release;
		};
		2046FE7A2F618C6500F65741 /* Debug */ = {
			isa = XCBuildConfiguration;
			buildSettings = {
				ALWAYS_SEARCH_USER_PATHS = NO;
				ASSETCATALOG_COMPILER_GENERATE_SWIFT_ASSET_SYMBOL_EXTENSIONS = YES;
				CLANG_ANALYZER_NONNULL = YES;
				CLANG_ANALYZER_NUMBER_OBJECT_CONVERSION = YES_AGGRESSIVE;
				CLANG_CXX_LANGUAGE_STANDARD = "gnu++20";
				CLANG_ENABLE_MODULES = YES;
				CLANG_ENABLE_OBJC_ARC = YES;
				CLANG_ENABLE_OBJC_WEAK = YES;
				CLANG_WARN_BLOCK_CAPTURE_AUTORELEASING = YES;
				CLANG_WARN_BOOL_CONVERSION = YES;
				CLANG_WARN_COMMA = YES;
				CLANG_WARN_CONSTANT_CONVERSION = YES;
				CLANG_WARN_DEPRECATED_OBJC_IMPLEMENTATIONS = YES;
				CLANG_WARN_DIRECT_OBJC_ISA_USAGE = YES_ERROR;
				CLANG_WARN_DOCUMENTATION_COMMENTS = YES;
				CLANG_WARN_EMPTY_BODY = YES;
				CLANG_WARN_ENUM_CONVERSION = YES;
				CLANG_WARN_INFINITE_RECURSION = YES;
				CLANG_WARN_INT_CONVERSION = YES;
				CLANG_WARN_NON_LITERAL_NULL_CONVERSION = YES;
				CLANG_WARN_OBJC_IMPLICIT_RETAIN_SELF = YES;
				CLANG_WARN_OBJC_LITERAL_CONVERSION = YES;
				CLANG_WARN_OBJC_ROOT_CLASS = YES_ERROR;
				CLANG_WARN_QUOTED_INCLUDE_IN_FRAMEWORK_HEADER = YES;
				CLANG_WARN_RANGE_LOOP_ANALYSIS = YES;
				CLANG_WARN_STRICT_PROTOTYPES = YES;
				CLANG_WARN_SUSPICIOUS_MOVE = YES;
				CLANG_WARN_UNGUARDED_AVAILABILITY = YES_AGGRESSIVE;
				CLANG_WARN_UNREACHABLE_CODE = YES;
				CLANG_WARN__DUPLICATE_METHOD_MATCH = YES;
				COPY_PHASE_STRIP = NO;
				DEBUG_INFORMATION_FORMAT = dwarf;
				ENABLE_STRICT_OBJC_MSGSEND = YES;
				ENABLE_TESTABILITY = YES;
				ENABLE_USER_SCRIPT_SANDBOXING = YES;
				GCC_C_LANGUAGE_STANDARD = gnu17;
				GCC_DYNAMIC_NO_PIC = NO;
				GCC_NO_COMMON_BLOCKS = YES;
				GCC_OPTIMIZATION_LEVEL = 0;
				GCC_PREPROCESSOR_DEFINITIONS = (
					"DEBUG=1",
					"$(inherited)",
				);
				GCC_WARN_64_TO_32_BIT_CONVERSION = YES;
				GCC_WARN_ABOUT_RETURN_TYPE = YES_ERROR;
				GCC_WARN_UNDECLARED_SELECTOR = YES;
				GCC_WARN_UNINITIALIZED_AUTOS = YES_AGGRESSIVE;
				GCC_WARN_UNUSED_FUNCTION = YES;
				GCC_WARN_UNUSED_VARIABLE = YES;
				IPHONEOS_DEPLOYMENT_TARGET = 26.0;
				LOCALIZATION_PREFERS_STRING_CATALOGS = YES;
				MTL_ENABLE_DEBUG_INFO = INCLUDE_SOURCE;
				MTL_FAST_MATH = YES;
				ONLY_ACTIVE_ARCH = YES;
				SDKROOT = iphoneos;
				SWIFT_ACTIVE_COMPILATION_CONDITIONS = "DEBUG $(inherited)";
				SWIFT_OPTIMIZATION_LEVEL = "-Onone";
			};
			name = Debug;
		};
		2046FE7B2F618C6500F65741 /* Release */ = {
			isa = XCBuildConfiguration;
			buildSettings = {
				ALWAYS_SEARCH_USER_PATHS = NO;
				ASSETCATALOG_COMPILER_GENERATE_SWIFT_ASSET_SYMBOL_EXTENSIONS = YES;
				CLANG_ANALYZER_NONNULL = YES;
				CLANG_ANALYZER_NUMBER_OBJECT_CONVERSION = YES_AGGRESSIVE;
				CLANG_CXX_LANGUAGE_STANDARD = "gnu++20";
				CLANG_ENABLE_MODULES = YES;
				CLANG_ENABLE_OBJC_ARC = YES;
				CLANG_ENABLE_OBJC_WEAK = YES;
				CLANG_WARN_BLOCK_CAPTURE_AUTORELEASING = YES;
				CLANG_WARN_BOOL_CONVERSION = YES;
				CLANG_WARN_COMMA = YES;
				CLANG_WARN_CONSTANT_CONVERSION = YES;
				CLANG_WARN_DEPRECATED_OBJC_IMPLEMENTATIONS = YES;
				CLANG_WARN_DIRECT_OBJC_ISA_USAGE = YES_ERROR;
				CLANG_WARN_DOCUMENTATION_COMMENTS = YES;
				CLANG_WARN_EMPTY_BODY = YES;
				CLANG_WARN_ENUM_CONVERSION = YES;
				CLANG_WARN_INFINITE_RECURSION = YES;
				CLANG_WARN_INT_CONVERSION = YES;
				CLANG_WARN_NON_LITERAL_NULL_CONVERSION = YES;
				CLANG_WARN_OBJC_IMPLICIT_RETAIN_SELF = YES;
				CLANG_WARN_OBJC_LITERAL_CONVERSION = YES;
				CLANG_WARN_OBJC_ROOT_CLASS = YES_ERROR;
				CLANG_WARN_QUOTED_INCLUDE_IN_FRAMEWORK_HEADER = YES;
				CLANG_WARN_RANGE_LOOP_ANALYSIS = YES;
				CLANG_WARN_STRICT_PROTOTYPES = YES;
				CLANG_WARN_SUSPICIOUS_MOVE = YES;
				CLANG_WARN_UNGUARDED_AVAILABILITY = YES_AGGRESSIVE;
				CLANG_WARN_UNREACHABLE_CODE = YES;
				CLANG_WARN__DUPLICATE_METHOD_MATCH = YES;
				COPY_PHASE_STRIP = NO;
				DEBUG_INFORMATION_FORMAT = "dwarf-with-dsym";
				ENABLE_NS_ASSERTIONS = NO;
				ENABLE_STRICT_OBJC_MSGSEND = YES;
				ENABLE_USER_SCRIPT_SANDBOXING = YES;
				GCC_C_LANGUAGE_STANDARD = gnu17;
				GCC_NO_COMMON_BLOCKS = YES;
				GCC_WARN_64_TO_32_BIT_CONVERSION = YES;
				GCC_WARN_ABOUT_RETURN_TYPE = YES_ERROR;
				GCC_WARN_UNDECLARED_SELECTOR = YES;
				GCC_WARN_UNINITIALIZED_AUTOS = YES_AGGRESSIVE;
				GCC_WARN_UNUSED_FUNCTION = YES;
				GCC_WARN_UNUSED_VARIABLE = YES;
				IPHONEOS_DEPLOYMENT_TARGET = 26.0;
				LOCALIZATION_PREFERS_STRING_CATALOGS = YES;
				MTL_ENABLE_DEBUG_INFO = NO;
				MTL_FAST_MATH = YES;
				SDKROOT = iphoneos;
				SWIFT_COMPILATION_MODE = wholemodule;
				VALIDATE_PRODUCT = YES;
			};
			name = Release;
		};
		20E2DDDF2F79482C0065EC26 /* Debug */ = {
			isa = XCBuildConfiguration;
			buildSettings = {
				BUNDLE_LOADER = "$(TEST_HOST)";
				CODE_SIGN_STYLE = Automatic;
				CURRENT_PROJECT_VERSION = 1;
				GENERATE_INFOPLIST_FILE = YES;
				MARKETING_VERSION = 1.0;
				PRODUCT_BUNDLE_IDENTIFIER = "com.nihad.InstagramClone-UIKitTests";
				PRODUCT_NAME = "$(TARGET_NAME)";
				STRING_CATALOG_GENERATE_SYMBOLS = NO;
				SWIFT_APPROACHABLE_CONCURRENCY = YES;
				SWIFT_EMIT_LOC_STRINGS = NO;
				SWIFT_UPCOMING_FEATURE_MEMBER_IMPORT_VISIBILITY = YES;
				SWIFT_VERSION = 5.0;
				TARGETED_DEVICE_FAMILY = "1,2";
				TEST_HOST = "$(BUILT_PRODUCTS_DIR)/InstagramClone-UIKit.app/$(BUNDLE_EXECUTABLE_FOLDER_PATH)/InstagramClone-UIKit";
			};
			name = Debug;
		};
		20E2DDE02F79482C0065EC26 /* Release */ = {
			isa = XCBuildConfiguration;
			buildSettings = {
				BUNDLE_LOADER = "$(TEST_HOST)";
				CODE_SIGN_STYLE = Automatic;
				CURRENT_PROJECT_VERSION = 1;
				GENERATE_INFOPLIST_FILE = YES;
				MARKETING_VERSION = 1.0;
				PRODUCT_BUNDLE_IDENTIFIER = "com.nihad.InstagramClone-UIKitTests";
				PRODUCT_NAME = "$(TARGET_NAME)";
				STRING_CATALOG_GENERATE_SYMBOLS = NO;
				SWIFT_APPROACHABLE_CONCURRENCY = YES;
				SWIFT_EMIT_LOC_STRINGS = NO;
				SWIFT_UPCOMING_FEATURE_MEMBER_IMPORT_VISIBILITY = YES;
				SWIFT_VERSION = 5.0;
				TARGETED_DEVICE_FAMILY = "1,2";
				TEST_HOST = "$(BUILT_PRODUCTS_DIR)/InstagramClone-UIKit.app/$(BUNDLE_EXECUTABLE_FOLDER_PATH)/InstagramClone-UIKit";
			};
			name = Release;
		};
/* End XCBuildConfiguration section */

/* Begin XCConfigurationList section */
		2046FE5C2F618C6400F65741 /* Build configuration list for PBXProject "InstagramClone-UIKit" */ = {
			isa = XCConfigurationList;
			buildConfigurations = (
				2046FE7A2F618C6500F65741 /* Debug */,
				2046FE7B2F618C6500F65741 /* Release */,
			);
			defaultConfigurationIsVisible = 0;
			defaultConfigurationName = Release;
		};
		2046FE772F618C6500F65741 /* Build configuration list for PBXNativeTarget "InstagramClone-UIKit" */ = {
			isa = XCConfigurationList;
			buildConfigurations = (
				2046FE782F618C6500F65741 /* Debug */,
				2046FE792F618C6500F65741 /* Release */,
			);
			defaultConfigurationIsVisible = 0;
			defaultConfigurationName = Release;
		};
		20E2DDE12F79482C0065EC26 /* Build configuration list for PBXNativeTarget "InstagramClone-UIKitTests" */ = {
			isa = XCConfigurationList;
			buildConfigurations = (
				20E2DDDF2F79482C0065EC26 /* Debug */,
				20E2DDE02F79482C0065EC26 /* Release */,
			);
			defaultConfigurationIsVisible = 0;
			defaultConfigurationName = Release;
		};
/* End XCConfigurationList section */

/* Begin XCRemoteSwiftPackageReference section */
		201FE98A2F68253E004E9A56 /* XCRemoteSwiftPackageReference "Kingfisher" */ = {
			isa = XCRemoteSwiftPackageReference;
			repositoryURL = "https://github.com/onevcat/Kingfisher";
			requirement = {
				kind = upToNextMajorVersion;
				minimumVersion = 8.8.0;
			};
		};
		201FE9952F697CE7004E9A56 /* XCRemoteSwiftPackageReference "IQKeyboardManager" */ = {
			isa = XCRemoteSwiftPackageReference;
			repositoryURL = "https://github.com/hackiftekhar/IQKeyboardManager";
			requirement = {
				kind = upToNextMajorVersion;
				minimumVersion = 8.0.2;
			};
		};
		2046FE8E2F618EDF00F65741 /* XCRemoteSwiftPackageReference "firebase-ios-sdk" */ = {
			isa = XCRemoteSwiftPackageReference;
			repositoryURL = "https://github.com/firebase/firebase-ios-sdk";
			requirement = {
				kind = upToNextMajorVersion;
				minimumVersion = 12.10.0;
			};
		};
		20E2E01B2F7D4B7B0065EC26 /* XCRemoteSwiftPackageReference "Alamofire" */ = {
			isa = XCRemoteSwiftPackageReference;
			repositoryURL = "https://github.com/Alamofire/Alamofire.git";
			requirement = {
				kind = upToNextMajorVersion;
				minimumVersion = 5.11.1;
			};
		};
/* End XCRemoteSwiftPackageReference section */

/* Begin XCSwiftPackageProductDependency section */
		201FE98B2F68253E004E9A56 /* Kingfisher */ = {
			isa = XCSwiftPackageProductDependency;
			package = 201FE98A2F68253E004E9A56 /* XCRemoteSwiftPackageReference "Kingfisher" */;
			productName = Kingfisher;
		};
		201FE9962F697CE7004E9A56 /* IQKeyboardManagerSwift */ = {
			isa = XCSwiftPackageProductDependency;
			package = 201FE9952F697CE7004E9A56 /* XCRemoteSwiftPackageReference "IQKeyboardManager" */;
			productName = IQKeyboardManagerSwift;
		};
		2046FE8F2F618EDF00F65741 /* FirebaseAuth */ = {
			isa = XCSwiftPackageProductDependency;
			package = 2046FE8E2F618EDF00F65741 /* XCRemoteSwiftPackageReference "firebase-ios-sdk" */;
			productName = FirebaseAuth;
		};
		2046FE912F618EDF00F65741 /* FirebaseFirestore */ = {
			isa = XCSwiftPackageProductDependency;
			package = 2046FE8E2F618EDF00F65741 /* XCRemoteSwiftPackageReference "firebase-ios-sdk" */;
			productName = FirebaseFirestore;
		};
		2046FE932F618EDF00F65741 /* FirebaseMessaging */ = {
			isa = XCSwiftPackageProductDependency;
			package = 2046FE8E2F618EDF00F65741 /* XCRemoteSwiftPackageReference "firebase-ios-sdk" */;
			productName = FirebaseMessaging;
		};
		2046FE952F618EDF00F65741 /* FirebaseStorage */ = {
			isa = XCSwiftPackageProductDependency;
			package = 2046FE8E2F618EDF00F65741 /* XCRemoteSwiftPackageReference "firebase-ios-sdk" */;
			productName = FirebaseStorage;
		};
		20E2E01C2F7D4B7B0065EC26 /* Alamofire */ = {
			isa = XCSwiftPackageProductDependency;
			package = 20E2E01B2F7D4B7B0065EC26 /* XCRemoteSwiftPackageReference "Alamofire" */;
			productName = Alamofire;
		};
/* End XCSwiftPackageProductDependency section */
	};
	rootObject = 2046FE592F618C6400F65741 /* Project object */;
}
